
Microsoft Visual Studio Solution File, Format Version 11.00
# Visual Studio 2010
Project("{FAE04EC0-301F-11D3-BF4B-00C04F79EFBC}") = "Assembly-CSharp", "Assembly-CSharp.csproj", "{ADF95BAD-18F9-B762-026C-DAC3DCF54FD2}"
EndProject
Project("{FAE04EC0-301F-11D3-BF4B-00C04F79EFBC}") = "Assembly-CSharp-Editor", "Assembly-CSharp-Editor.csproj", "{7587C8C3-4407-8218-BA4A-73051912C4AA}"
EndProject
Project("{FAE04EC0-301F-11D3-BF4B-00C04F79EFBC}") = "Assembly-CSharp-Editor-firstpass", "Assembly-CSharp-Editor-firstpass.csproj", "{458F959F-6C35-02E9-AAF3-9802D2FA2240}"
EndProject
Global
	GlobalSection(SolutionConfigurationPlatforms) = preSolution
		Debug|Any CPU = Debug|Any CPU
		Release|Any CPU = Release|Any CPU
	EndGlobalSection
	GlobalSection(ProjectConfigurationPlatforms) = postSolution
		{ADF95BAD-18F9-B762-026C-DAC3DCF54FD2}.Debug|Any CPU.ActiveCfg = Debug|Any CPU
		{ADF95BAD-18F9-B762-026C-DAC3DCF54FD2}.Debug|Any CPU.Build.0 = Debug|Any CPU
		{ADF95BAD-18F9-B762-026C-DAC3DCF54FD2}.Release|Any CPU.ActiveCfg = Release|Any CPU
		{ADF95BAD-18F9-B762-026C-DAC3DCF54FD2}.Release|Any CPU.Build.0 = Release|Any CPU
		{7587C8C3-4407-8218-BA4A-73051912C4AA}.Debug|Any CPU.ActiveCfg = Debug|Any CPU
		{7587C8C3-4407-8218-BA4A-73051912C4AA}.Debug|Any CPU.Build.0 = Debug|Any CPU
		{7587C8C3-4407-8218-BA4A-73051912C4AA}.Release|Any CPU.ActiveCfg = Release|Any CPU
		{7587C8C3-4407-8218-BA4A-73051912C4AA}.Release|Any CPU.Build.0 = Release|Any CPU
		{458F959F-6C35-02E9-AAF3-9802D2FA2240}.Debug|Any CPU.ActiveCfg = Debug|Any CPU
		{458F959F-6C35-02E9-AAF3-9802D2FA2240}.Debug|Any CPU.Build.0 = Debug|Any CPU
		{458F959F-6C35-02E9-AAF3-9802D2FA2240}.Release|Any CPU.ActiveCfg = Release|Any CPU
		{458F959F-6C35-02E9-AAF3-9802D2FA2240}.Release|Any CPU.Build.0 = Release|Any CPU
	EndGlobalSection
	GlobalSection(SolutionProperties) = preSolution
		HideSolutionNode = FALSE
	EndGlobalSection
EndGlobal
